// !$*UTF8*$!
{
	archiveVersion = 1;
	classes = {
	};
	objectVersion = 46;
	objects = {

/* Begin PBXBuildFile section */
		743CB5551D22A5B00067BC08 /* MyMeTableViewCell.swift in Sources */ = {isa = PBXBuildFile; fileRef = 743CB5541D22A5B00067BC08 /* MyMeTableViewCell.swift */; };
		743CB5571D22B7360067BC08 /* MonMoodTableViewCell.swift in Sources */ = {isa = PBXBuildFile; fileRef = 743CB5561D22B7360067BC08 /* MonMoodTableViewCell.swift */; };
		743CB5591D22BCFE0067BC08 /* MonMoodViewController.swift in Sources */ = {isa = PBXBuildFile; fileRef = 743CB5581D22BCFE0067BC08 /* MonMoodViewController.swift */; };
		746FBF401D0817800043F361 /* SettingsViewController.swift in Sources */ = {isa = PBXBuildFile; fileRef = 746FBF3F1D0817800043F361 /* SettingsViewController.swift */; };
		74D4C0971D072D1A0010CD75 /* AppDelegate.swift in Sources */ = {isa = PBXBuildFile; fileRef = 74D4C0961D072D1A0010CD75 /* AppDelegate.swift */; };
		74D4C09C1D072D1A0010CD75 /* Main.storyboard in Resources */ = {isa = PBXBuildFile; fileRef = 74D4C09A1D072D1A0010CD75 /* Main.storyboard */; };
		74D4C09E1D072D1A0010CD75 /* Assets.xcassets in Resources */ = {isa = PBXBuildFile; fileRef = 74D4C09D1D072D1A0010CD75 /* Assets.xcassets */; };
		74D4C0A11D072D1A0010CD75 /* LaunchScreen.storyboard in Resources */ = {isa = PBXBuildFile; fileRef = 74D4C09F1D072D1A0010CD75 /* LaunchScreen.storyboard */; };
/* End PBXBuildFile section */

/* Begin PBXFileReference section */
		743CB5541D22A5B00067BC08 /* MyMeTableViewCell.swift */ = {isa = PBXFileReference; fileEncoding = 4; lastKnownFileType = sourcecode.swift; path = MyMeTableViewCell.swift; sourceTree = "<group>"; };
		743CB5561D22B7360067BC08 /* MonMoodTableViewCell.swift */ = {isa = PBXFileReference; fileEncoding = 4; lastKnownFileType = sourcecode.swift; path = MonMoodTableViewCell.swift; sourceTree = "<group>"; };
		743CB5581D22BCFE0067BC08 /* MonMoodViewController.swift */ = {isa = PBXFileReference; fileEncoding = 4; lastKnownFileType = sourcecode.swift; path = MonMoodViewController.swift; sourceTree = "<group>"; };
		746FBF3F1D0817800043F361 /* SettingsViewController.swift */ = {isa = PBXFileReference; fileEncoding = 4; lastKnownFileType = sourcecode.swift; path = SettingsViewController.swift; sourceTree = "<group>"; };
		74D4C0931D072D1A0010CD75 /* style-shaker.app */ = {isa = PBXFileReference; explicitFileType = wrapper.application; includeInIndex = 0; path = "style-shaker.app"; sourceTree = BUILT_PRODUCTS_DIR; };
		74D4C0961D072D1A0010CD75 /* AppDelegate.swift */ = {isa = PBXFileReference; lastKnownFileType = sourcecode.swift; path = AppDelegate.swift; sourceTree = "<group>"; };
		74D4C09B1D072D1A0010CD75 /* Base */ = {isa = PBXFileReference; lastKnownFileType = file.storyboard; name = Base; path = Base.lproj/Main.storyboard; sourceTree = "<group>"; };
		74D4C09D1D072D1A0010CD75 /* Assets.xcassets */ = {isa = PBXFileReference; lastKnownFileType = folder.assetcatalog; path = Assets.xcassets; sourceTree = "<group>"; };
		74D4C0A01D072D1A0010CD75 /* Base */ = {isa = PBXFileReference; lastKnownFileType = file.storyboard; name = Base; path = Base.lproj/LaunchScreen.storyboard; sourceTree = "<group>"; };
		74D4C0A21D072D1A0010CD75 /* Info.plist */ = {isa = PBXFileReference; lastKnownFileType = text.plist.xml; path = Info.plist; sourceTree = "<group>"; };
/* End PBXFileReference section */

/* Begin PBXFrameworksBuildPhase section */
		74D4C0901D072D1A0010CD75 /* Frameworks */ = {
			isa = PBXFrameworksBuildPhase;
			buildActionMask = 2147483647;
			files = (
			);
			runOnlyForDeploymentPostprocessing = 0;
		};
/* End PBXFrameworksBuildPhase section */

/* Begin PBXGroup section */
		74D4C08A1D072D1A0010CD75 = {
			isa = PBXGroup;
			children = (
				74D4C0951D072D1A0010CD75 /* style-shaker */,
				74D4C0941D072D1A0010CD75 /* Products */,
			);
			sourceTree = "<group>";
		};
		74D4C0941D072D1A0010CD75 /* Products */ = {
			isa = PBXGroup;
			children = (
				74D4C0931D072D1A0010CD75 /* style-shaker.app */,
			);
			name = Products;
			sourceTree = "<group>";
		};
		74D4C0951D072D1A0010CD75 /* style-shaker */ = {
			isa = PBXGroup;
			children = (
				74D4C0961D072D1A0010CD75 /* AppDelegate.swift */,
				74D4C09A1D072D1A0010CD75 /* Main.storyboard */,
				746FBF3F1D0817800043F361 /* SettingsViewController.swift */,
				74D4C09D1D072D1A0010CD75 /* Assets.xcassets */,
				74D4C09F1D072D1A0010CD75 /* LaunchScreen.storyboard */,
				74D4C0A21D072D1A0010CD75 /* Info.plist */,
				743CB5541D22A5B00067BC08 /* MyMeTableViewCell.swift */,
				743CB5561D22B7360067BC08 /* MonMoodTableViewCell.swift */,
				743CB5581D22BCFE0067BC08 /* MonMoodViewController.swift */,
			);
			path = "style-shaker";
			sourceTree = "<group>";
		};
/* End PBXGroup section */

/* Begin PBXNativeTarget section */
		74D4C0921D072D1A0010CD75 /* style-shaker */ = {
			isa = PBXNativeTarget;
			buildConfigurationList = 74D4C0A51D072D1A0010CD75 /* Build configuration list for PBXNativeTarget "style-shaker" */;
			buildPhases = (
				74D4C08F1D072D1A0010CD75 /* Sources */,
				74D4C0901D072D1A0010CD75 /* Frameworks */,
				74D4C0911D072D1A0010CD75 /* Resources */,
			);
			buildRules = (
			);
			dependencies = (
			);
			name = "style-shaker";
			productName = "style-shaker";
			productReference = 74D4C0931D072D1A0010CD75 /* style-shaker.app */;
			productType = "com.apple.product-type.application";
		};
/* End PBXNativeTarget section */

/* Begin PBXProject section */
		74D4C08B1D072D1A0010CD75 /* Project object */ = {
			isa = PBXProject;
			attributes = {
				LastSwiftUpdateCheck = 0730;
				LastUpgradeCheck = 0730;
				ORGANIZATIONNAME = totolab;
				TargetAttributes = {
					74D4C0921D072D1A0010CD75 = {
						CreatedOnToolsVersion = 7.3.1;
					};
				};
			};
			buildConfigurationList = 74D4C08E1D072D1A0010CD75 /* Build configuration list for PBXProject "style-shaker" */;
			compatibilityVersion = "Xcode 3.2";
			developmentRegion = English;
			hasScannedForEncodings = 0;
			knownRegions = (
				en,
				Base,
			);
			mainGroup = 74D4C08A1D072D1A0010CD75;
			productRefGroup = 74D4C0941D072D1A0010CD75 /* Products */;
			projectDirPath = "";
			projectRoot = "";
			targets = (
				74D4C0921D072D1A0010CD75 /* style-shaker */,
			);
		};
/* End PBXProject section */

/* Begin PBXResourcesBuildPhase section */
		74D4C0911D072D1A0010CD75 /* Resources */ = {
			isa = PBXResourcesBuildPhase;
			buildActionMask = 2147483647;
			files = (
				74D4C0A11D072D1A0010CD75 /* LaunchScreen.storyboard in Resources */,
				74D4C09E1D072D1A0010CD75 /* Assets.xcassets in Resources */,
				74D4C09C1D072D1A0010CD75 /* Main.storyboard in Resources */,
			);
			runOnlyForDeploymentPostprocessing = 0;
		};
/* End PBXResourcesBuildPhase section */

/* Begin PBXSourcesBuildPhase section */
		74D4C08F1D072D1A0010CD75 /* Sources */ = {
			isa = PBXSourcesBuildPhase;
			buildActionMask = 2147483647;
			files = (
				743CB5551D22A5B00067BC08 /* MyMeTableViewCell.swift in Sources */,
				743CB5571D22B7360067BC08 /* MonMoodTableViewCell.swift in Sources */,
				74D4C0971D072D1A0010CD75 /* AppDelegate.swift in Sources */,
				746FBF401D0817800043F361 /* SettingsViewController.swift in Sources */,
				743CB5591D22BCFE0067BC08 /* MonMoodViewController.swift in Sources */,
			);
			runOnlyForDeploymentPostprocessing = 0;
		};
/* End PBXSourcesBuildPhase section */

/* Begin PBXVariantGroup section */
		74D4C09A1D072D1A0010CD75 /* Main.storyboard */ = {
			isa = PBXVariantGroup;
			children = (
				74D4C09B1D072D1A0010CD75 /* Base */,
			);
			name = Main.storyboard;
			sourceTree = "<group>";
		};
		74D4C09F1D072D1A0010CD75 /* LaunchScreen.storyboard */ = {
			isa = PBXVariantGroup;
			children = (
				74D4C0A01D072D1A0010CD75 /* Base */,
			);
			name = LaunchScreen.storyboard;
			sourceTree = "<group>";
		};
/* End PBXVariantGroup section */

/* Begin XCBuildConfiguration section */
		74D4C0A31D072D1A0010CD75 /* Debug */ = {
			isa = XCBuildConfiguration;
			buildSettings = {
				ALWAYS_SEARCH_USER_PATHS = NO;
				CLANG_ANALYZER_NONNULL = YES;
				CLANG_CXX_LANGUAGE_STANDARD = "gnu++0x";
				CLANG_CXX_LIBRARY = "libc++";
				CLANG_ENABLE_MODULES = YES;
				CLANG_ENABLE_OBJC_ARC = YES;
				CLANG_WARN_BOOL_CONVERSION = YES;
				CLANG_WARN_CONSTANT_CONVERSION = YES;
				CLANG_WARN_DIRECT_OBJC_ISA_USAGE = YES_ERROR;
				CLANG_WARN_EMPTY_BODY = YES;
				CLANG_WARN_ENUM_CONVERSION = YES;
				CLANG_WARN_INT_CONVERSION = YES;
				CLANG_WARN_OBJC_ROOT_CLASS = YES_ERROR;
				CLANG_WARN_UNREACHABLE_CODE = YES;
				CLANG_WARN__DUPLICATE_METHOD_MATCH = YES;
				"CODE_SIGN_IDENTITY[sdk=iphoneos*]" = "iPhone Developer";
				COPY_PHASE_STRIP = NO;
				DEBUG_INFORMATION_FORMAT = dwarf;
				ENABLE_STRICT_OBJC_MSGSEND = YES;
				ENABLE_TESTABILITY = YES;
				GCC_C_LANGUAGE_STANDARD = gnu99;
				GCC_DYNAMIC_NO_PIC = NO;
				GCC_NO_COMMON_BLOCKS = YES;
				GCC_OPTIMIZATION_LEVEL = 0;
				GCC_PREPROCESSOR_DEFINITIONS = (
					"DEBUG=1",
					"$(inherited)",
				);
				GCC_WARN_64_TO_32_BIT_CONVERSION = YES;
				GCC_WARN_ABOUT_RETURN_TYPE = YES_ERROR;
				GCC_WARN_UNDECLARED_SELECTOR = YES;
				GCC_WARN_UNINITIALIZED_AUTOS = YES_AGGRESSIVE;
				GCC_WARN_UNUSED_FUNCTION = YES;
				GCC_WARN_UNUSED_VARIABLE = YES;
				IPHONEOS_DEPLOYMENT_TARGET = 9.3;
				MTL_ENABLE_DEBUG_INFO = YES;
				ONLY_ACTIVE_ARCH = YES;
				SDKROOT = iphoneos;
				SWIFT_OPTIMIZATION_LEVEL = "-Onone";
			};
			name = Debug;
		};
		74D4C0A41D072D1A0010CD75 /* Release */ = {
			isa = XCBuildConfiguration;
			buildSettings = {
				ALWAYS_SEARCH_USER_PATHS = NO;
				CLANG_ANALYZER_NONNULL = YES;
				CLANG_CXX_LANGUAGE_STANDARD = "gnu++0x";
				CLANG_CXX_LIBRARY = "libc++";
				CLANG_ENABLE_MODULES = YES;
				CLANG_ENABLE_OBJC_ARC = YES;
				CLANG_WARN_BOOL_CONVERSION = YES;
				CLANG_WARN_CONSTANT_CONVERSION = YES;
				CLANG_WARN_DIRECT_OBJC_ISA_USAGE = YES_ERROR;
				CLANG_WARN_EMPTY_BODY = YES;
				CLANG_WARN_ENUM_CONVERSION = YES;
				CLANG_WARN_INT_CONVERSION = YES;
				CLANG_WARN_OBJC_ROOT_CLASS = YES_ERROR;
				CLANG_WARN_UNREACHABLE_CODE = YES;
				CLANG_WARN__DUPLICATE_METHOD_MATCH = YES;
				"CODE_SIGN_IDENTITY[sdk=iphoneos*]" = "iPhone Developer";
				COPY_PHASE_STRIP = NO;
				DEBUG_INFORMATION_FORMAT = "dwarf-with-dsym";
				ENABLE_NS_ASSERTIONS = NO;
				ENABLE_STRICT_OBJC_MSGSEND = YES;
				GCC_C_LANGUAGE_STANDARD = gnu99;
				GCC_NO_COMMON_BLOCKS = YES;
				GCC_WARN_64_TO_32_BIT_CONVERSION = YES;
				GCC_WARN_ABOUT_RETURN_TYPE = YES_ERROR;
				GCC_WARN_UNDECLARED_SELECTOR = YES;
				GCC_WARN_UNINITIALIZED_AUTOS = YES_AGGRESSIVE;
				GCC_WARN_UNUSED_FUNCTION = YES;
				GCC_WARN_UNUSED_VARIABLE = YES;
				IPHONEOS_DEPLOYMENT_TARGET = 9.3;
				MTL_ENABLE_DEBUG_INFO = NO;
				SDKROOT = iphoneos;
				VALIDATE_PRODUCT = YES;
			};
			name = Release;
		};
		74D4C0A61D072D1A0010CD75 /* Debug */ = {
			isa = XCBuildConfiguration;
			buildSettings = {
				ASSETCATALOG_COMPILER_APPICON_NAME = AppIcon;
				INFOPLIST_FILE = "style-shaker/Info.plist";
				LD_RUNPATH_SEARCH_PATHS = "$(inherited) @executable_path/Frameworks";
				PRODUCT_BUNDLE_IDENTIFIER = "toto.lab.style-shaker";
				PRODUCT_NAME = "$(TARGET_NAME)";
			};
			name = Debug;
		};
		74D4C0A71D072D1A0010CD75 /* Release */ = {
			isa = XCBuildConfiguration;
			buildSettings = {
				ASSETCATALOG_COMPILER_APPICON_NAME = AppIcon;
				INFOPLIST_FILE = "style-shaker/Info.plist";
				LD_RUNPATH_SEARCH_PATHS = "$(inherited) @executable_path/Frameworks";
				PRODUCT_BUNDLE_IDENTIFIER = "toto.lab.style-shaker";
				PRODUCT_NAME = "$(TARGET_NAME)";
			};
			name = Release;
		};
/* End XCBuildConfiguration section */

/* Begin XCConfigurationList section */
		74D4C08E1D072D1A0010CD75 /* Build configuration list for PBXProject "style-shaker" */ = {
			isa = XCConfigurationList;
			buildConfigurations = (
				74D4C0A31D072D1A0010CD75 /* Debug */,
				74D4C0A41D072D1A0010CD75 /* Release */,
			);
			defaultConfigurationIsVisible = 0;
			defaultConfigurationName = Release;
		};
		74D4C0A51D072D1A0010CD75 /* Build configuration list for PBXNativeTarget "style-shaker" */ = {
			isa = XCConfigurationList;
			buildConfigurations = (
				74D4C0A61D072D1A0010CD75 /* Debug */,
				74D4C0A71D072D1A0010CD75 /* Release */,
			);
			defaultConfigurationIsVisible = 0;
			defaultConfigurationName = Release;
		};
/* End XCConfigurationList section */
	};
	rootObject = 74D4C08B1D072D1A0010CD75 /* Project object */;
}
